{
    "name": "demo",
    "version": "1.0.0",
    "lockfileVersion": 1,
    "requires": true,
    "dependencies": {
        "@types/highlight.js": {
            "version": "9.12.3",
            "resolved": "https://registry.npmjs.org/@types/highlight.js/-/highlight.js-9.12.3.tgz",
            "integrity": "sha512-pGF/zvYOACZ/gLGWdQH8zSwteQS1epp68yRcVLJMgUck/MjEn/FBYmPub9pXT8C1e4a8YZfHo1CKyV8q1vKUnQ==",
            "dev": true
        }
    }
}
